<?xml version="1.0" encoding="utf-8"?>
<Project ToolsVersion="4.0" xmlns="http://schemas.microsoft.com/developer/msbuild/2003">
  <ItemGroup>
    <Filter Include="Source Files">
      <UniqueIdentifier>{4FC737F1-C7A5-4376-A066-2A32D752A2FF}</UniqueIdentifier>
      <Extensions>cpp;c;cc;cxx;def;odl;idl;hpj;bat;asm;asmx</Extensions>
    </Filter>
    <Filter Include="Header Files">
      <UniqueIdentifier>{93995380-89BD-4b04-88EB-625FBE52EBFB}</UniqueIdentifier>
      <Extensions>h;hh;hpp;hxx;hm;inl;inc;xsd</Extensions>
    </Filter>
    <Filter Include="Resource Files">
      <UniqueIdentifier>{67DA6AB6-F800-4c08-8B7A-83BB121AAD01}</UniqueIdentifier>
      <Extensions>rc;ico;cur;bmp;dlg;rc2;rct;bin;rgs;gif;jpg;jpeg;jpe;resx;tiff;tif;png;wav;mfcribbon-ms</Extensions>
    </Filter>
    <Filter Include="Components">
      <UniqueIdentifier>{e6652b4d-dbd7-4f8f-9497-48550d7acafc}</UniqueIdentifier>
    </Filter>
    <Filter Include="MSAA">
      <UniqueIdentifier>{679a53d2-c488-4751-819a-9ba62b56197b}</UniqueIdentifier>
    </Filter>
  </ItemGroup>
  <ItemGroup>
    <ClCompile Include="Main.cpp">
      <Filter>Source Files</Filter>
    </ClCompile>
    <ClCompile Include="HM_GameMaster.cpp">
      <Filter>Source Files</Filter>
    </ClCompile>
    <ClCompile Include="HM_Scene.cpp">
      <Filter>Source Files</Filter>
    </ClCompile>
    <ClCompile Include="HM_GraphicsManager.cpp">
      <Filter>Source Files</Filter>
    </ClCompile>
    <ClCompile Include="HM_Log.cpp">
      <Filter>Source Files</Filter>
    </ClCompile>
    <ClCompile Include="HM_FileHandler.cpp">
      <Filter>Source Files</Filter>
    </ClCompile>
    <ClCompile Include="HM_Object.cpp">
      <Filter>Source Files</Filter>
    </ClCompile>
    <ClCompile Include="HM_SceneObject.cpp">
      <Filter>Source Files</Filter>
    </ClCompile>
    <ClCompile Include="HM_Mesh.cpp">
      <Filter>Source Files</Filter>
    </ClCompile>
    <ClCompile Include="HM_Shader.cpp">
      <Filter>Source Files</Filter>
    </ClCompile>
    <ClCompile Include="HM_Input.cpp">
      <Filter>Source Files</Filter>
    </ClCompile>
    <ClCompile Include="HM_Texture.cpp">
      <Filter>Source Files</Filter>
    </ClCompile>
    <ClCompile Include="HM_Camera.cpp">
      <Filter>Source Files</Filter>
    </ClCompile>
    <ClCompile Include="HM_Cube.cpp">
      <Filter>Source Files</Filter>
    </ClCompile>
    <ClCompile Include="Components\HM_BoxColliderComponent.cpp">
      <Filter>Components</Filter>
    </ClCompile>
    <ClCompile Include="Components\HM_JoystickComponent.cpp">
      <Filter>Components</Filter>
    </ClCompile>
    <ClCompile Include="Components\HM_MeshComponent.cpp">
      <Filter>Components</Filter>
    </ClCompile>
    <ClCompile Include="Components\HM_MotionComponent.cpp">
      <Filter>Components</Filter>
    </ClCompile>
    <ClCompile Include="Components\HM_Component.cpp">
      <Filter>Components</Filter>
    </ClCompile>
    <ClCompile Include="Components\HM_TransformComponent.cpp">
      <Filter>Components</Filter>
    </ClCompile>
    <ClCompile Include="Components\HM_SpriteComponent.cpp">
      <Filter>Components</Filter>
    </ClCompile>
    <ClCompile Include="HM_Sprite.cpp">
      <Filter>Source Files</Filter>
    </ClCompile>
    <ClCompile Include="Components\HM_CameraComponent.cpp">
      <Filter>Components</Filter>
    </ClCompile>
    <ClCompile Include="Components\HM_HUDComponent.cpp">
      <Filter>Components</Filter>
    </ClCompile>
    <ClCompile Include="HM_SoundManager.cpp">
      <Filter>Source Files</Filter>
    </ClCompile>
    <ClCompile Include="HM_CollisionManager.cpp">
      <Filter>Source Files</Filter>
    </ClCompile>
    <ClCompile Include="HM_Octree.cpp">
      <Filter>Source Files</Filter>
    </ClCompile>
    <ClCompile Include="MaximeSchambourgAwesomeApplication\MSAA_Character.cpp">
      <Filter>MSAA</Filter>
    </ClCompile>
  </ItemGroup>
  <ItemGroup>
    <ClInclude Include="HM_GameMaster.h">
      <Filter>Header Files</Filter>
    </ClInclude>
    <ClInclude Include="HM_Scene.h">
      <Filter>Header Files</Filter>
    </ClInclude>
    <ClInclude Include="HM_GraphicsManager.h">
      <Filter>Header Files</Filter>
    </ClInclude>
    <ClInclude Include="HM_Log.h">
      <Filter>Header Files</Filter>
    </ClInclude>
    <ClInclude Include="HM_FileHandler.h">
      <Filter>Header Files</Filter>
    </ClInclude>
    <ClInclude Include="HM_Object.h">
      <Filter>Header Files</Filter>
    </ClInclude>
    <ClInclude Include="HM_SceneObject.h">
      <Filter>Header Files</Filter>
    </ClInclude>
    <ClInclude Include="HM_Mesh.h">
      <Filter>Header Files</Filter>
    </ClInclude>
    <ClInclude Include="HM_Utilities.h">
      <Filter>Header Files</Filter>
    </ClInclude>
    <ClInclude Include="HM_Shader.h">
      <Filter>Header Files</Filter>
    </ClInclude>
    <ClInclude Include="HM_Input.h">
      <Filter>Header Files</Filter>
    </ClInclude>
    <ClInclude Include="HM_Texture.h">
      <Filter>Header Files</Filter>
    </ClInclude>
    <ClInclude Include="HM_Camera.h">
      <Filter>Header Files</Filter>
    </ClInclude>
    <ClInclude Include="HM_Cube.h">
      <Filter>Header Files</Filter>
    </ClInclude>
    <ClInclude Include="Components\HM_BoxColliderComponent.h">
      <Filter>Components</Filter>
    </ClInclude>
    <ClInclude Include="Components\HM_JoystickComponent.h">
      <Filter>Components</Filter>
    </ClInclude>
    <ClInclude Include="Components\HM_MeshComponent.h">
      <Filter>Components</Filter>
    </ClInclude>
    <ClInclude Include="Components\HM_MotionComponent.h">
      <Filter>Components</Filter>
    </ClInclude>
    <ClInclude Include="Components\HM_TransformComponent.h">
      <Filter>Components</Filter>
    </ClInclude>
    <ClInclude Include="Components\HM_Component.h">
      <Filter>Components</Filter>
    </ClInclude>
    <ClInclude Include="Components\HM_SpriteComponent.h">
      <Filter>Components</Filter>
    </ClInclude>
    <ClInclude Include="HM_Sprite.h">
      <Filter>Header Files</Filter>
    </ClInclude>
    <ClInclude Include="Components\HM_CameraComponent.h">
      <Filter>Components</Filter>
    </ClInclude>
    <ClInclude Include="components\HM_HUDComponent.h">
      <Filter>Components</Filter>
    </ClInclude>
    <ClInclude Include="HM_Constants.h">
      <Filter>Header Files</Filter>
    </ClInclude>
    <ClInclude Include="HM_SoundManager.h">
      <Filter>Header Files</Filter>
    </ClInclude>
    <ClInclude Include="HM_CollisionManager.h">
      <Filter>Header Files</Filter>
    </ClInclude>
    <ClInclude Include="HM_Octree.h">
      <Filter>Header Files</Filter>
    </ClInclude>
    <ClInclude Include="HM_Math.h">
      <Filter>Header Files</Filter>
    </ClInclude>
    <ClInclude Include="Maxime Schambourg Awesome Application\MSAA_Character.h">
      <Filter>MSAA</Filter>
    </ClInclude>
  </ItemGroup>
</Project>